[[package]]
category = "main"
description = "A small Python module for determining appropriate platform-specific dirs, e.g. a \"user data dir\"."
name = "appdirs"
optional = false
python-versions = "*"
version = "1.4.3"

[[package]]
category = "dev"
description = "Atomic file writes."
marker = "sys_platform == \"win32\""
name = "atomicwrites"
optional = false
python-versions = ">=2.7, !=3.0.*, !=3.1.*, !=3.2.*, !=3.3.*"
version = "1.4.0"

[[package]]
category = "dev"
description = "Classes Without Boilerplate"
name = "attrs"
optional = false
python-versions = ">=2.7, !=3.0.*, !=3.1.*, !=3.2.*, !=3.3.*"
version = "19.3.0"

[package.extras]
azure-pipelines = ["coverage", "hypothesis", "pympler", "pytest (>=4.3.0)", "six", "zope.interface", "pytest-azurepipelines"]
dev = ["coverage", "hypothesis", "pympler", "pytest (>=4.3.0)", "six", "zope.interface", "sphinx", "pre-commit"]
docs = ["sphinx", "zope.interface"]
tests = ["coverage", "hypothesis", "pympler", "pytest (>=4.3.0)", "six", "zope.interface"]

[[package]]
category = "main"
description = "Read and write Generic Feature Format (GFF) with Biopython integration."
name = "bcbio-gff"
optional = false
python-versions = "*"
version = "0.6.6"

[package.dependencies]
six = "*"

[[package]]
category = "main"
description = "Freely available tools for computational molecular biology."
name = "biopython"
optional = false
python-versions = "*"
version = "1.76"

[package.dependencies]
numpy = "*"

[[package]]
category = "main"
description = "Tools for manipulating biological data, particularly multiple sequence alignments"
name = "bx-python"
optional = false
python-versions = ">=2.7, !=3.0.*, !=3.1.*, !=3.2.*, !=3.3.*, !=3.4.*"
version = "0.8.8"

[package.dependencies]
numpy = "*"
six = "*"

[[package]]
category = "main"
description = "Validate configuration and produce human readable error messages."
name = "cfgv"
optional = false
python-versions = ">=3.6.1"
version = "3.1.0"

[[package]]
category = "dev"
description = "Cross-platform colored terminal text."
marker = "sys_platform == \"win32\""
name = "colorama"
optional = false
python-versions = ">=2.7, !=3.0.*, !=3.1.*, !=3.2.*, !=3.3.*, !=3.4.*"
version = "0.4.3"

[[package]]
category = "main"
description = ""
name = "cupcake"
optional = false
python-versions = "~=3.7"
version = "12.1.2"

[package.source]
reference = "0c02320717a57035fd5d9e3e49fc3635b91dd58d"
type = "git"
url = "https://github.com/milescsmith/cDNA_Cupcake.git"
[[package]]
category = "main"
description = "The Cython compiler for writing C extensions for the Python language."
name = "cython"
optional = false
python-versions = ">=2.6, !=3.0.*, !=3.1.*, !=3.2.*"
version = "0.29.20"

[[package]]
category = "main"
description = "Decorators for Humans"
name = "decorator"
optional = false
python-versions = ">=2.6, !=3.0.*, !=3.1.*"
version = "4.4.2"

[[package]]
category = "main"
description = "Distribution utilities"
name = "distlib"
optional = false
python-versions = "*"
version = "0.3.0"

[[package]]
category = "main"
description = "A platform independent file lock."
name = "filelock"
optional = false
python-versions = "*"
version = "3.0.12"

[[package]]
category = "main"
description = "File identification library for Python"
name = "identify"
optional = false
python-versions = "!=3.0.*,!=3.1.*,!=3.2.*,!=3.3.*,>=2.7"
version = "1.4.19"

[package.extras]
license = ["editdistance"]

[[package]]
category = "main"
description = "Read metadata from Python packages"
name = "importlib-metadata"
optional = false
python-versions = "!=3.0.*,!=3.1.*,!=3.2.*,!=3.3.*,!=3.4.*,>=2.7"
version = "1.6.1"

[package.dependencies]
zipp = ">=0.5"

[package.extras]
docs = ["sphinx", "rst.linker"]
testing = ["packaging", "pep517", "importlib-resources (>=1.3)"]

[[package]]
category = "main"
description = "Lightweight pipelining: using Python functions as pipeline jobs."
name = "joblib"
optional = false
python-versions = ">=3.6"
version = "0.15.1"

[[package]]
category = "dev"
description = "More routines for operating on iterables, beyond itertools"
name = "more-itertools"
optional = false
python-versions = ">=3.5"
version = "8.4.0"

[[package]]
category = "main"
description = "Python package for creating and manipulating graphs and networks"
name = "networkx"
optional = false
python-versions = ">=3.5"
version = "2.4"

[package.dependencies]
decorator = ">=4.3.0"

[package.extras]
all = ["numpy", "scipy", "pandas", "matplotlib", "pygraphviz", "pydot", "pyyaml", "gdal", "lxml", "pytest"]
gdal = ["gdal"]
lxml = ["lxml"]
matplotlib = ["matplotlib"]
numpy = ["numpy"]
pandas = ["pandas"]
pydot = ["pydot"]
pygraphviz = ["pygraphviz"]
pytest = ["pytest"]
pyyaml = ["pyyaml"]
scipy = ["scipy"]

[[package]]
category = "main"
description = "Node.js virtual environment builder"
name = "nodeenv"
optional = false
python-versions = "*"
version = "1.4.0"

[[package]]
category = "main"
description = "NumPy is the fundamental package for array computing with Python."
name = "numpy"
optional = false
python-versions = ">=3.5"
version = "1.18.1"

[[package]]
category = "dev"
description = "Core utilities for Python packages"
name = "packaging"
optional = false
python-versions = ">=2.7, !=3.0.*, !=3.1.*, !=3.2.*, !=3.3.*"
version = "20.4"

[package.dependencies]
pyparsing = ">=2.0.2"
six = "*"

[[package]]
category = "main"
description = "Powerful data structures for data analysis, time series, and statistics"
name = "pandas"
optional = false
python-versions = ">=3.6.1"
version = "1.0.4"

[package.dependencies]
numpy = ">=1.13.3"
python-dateutil = ">=2.6.1"
pytz = ">=2017.2"

[package.extras]
test = ["pytest (>=4.0.2)", "pytest-xdist", "hypothesis (>=3.58)"]

[[package]]
category = "dev"
description = "plugin and hook calling mechanisms for python"
name = "pluggy"
optional = false
python-versions = ">=2.7, !=3.0.*, !=3.1.*, !=3.2.*, !=3.3.*"
version = "0.13.1"

[package.dependencies]
[package.dependencies.importlib-metadata]
python = "<3.8"
version = ">=0.12"

[package.extras]
dev = ["pre-commit", "tox"]

[[package]]
category = "main"
description = "Cross-platform lib for process and system monitoring in Python."
name = "psutil"
optional = false
python-versions = ">=2.6, !=3.0.*, !=3.1.*, !=3.2.*, !=3.3.*"
version = "5.7.0"

[package.extras]
enum = ["enum34"]

[[package]]
category = "dev"
description = "library with cross-python path, ini-parsing, io, code, log facilities"
name = "py"
optional = false
python-versions = ">=2.7, !=3.0.*, !=3.1.*, !=3.2.*, !=3.3.*"
version = "1.8.1"

[[package]]
category = "dev"
description = "Python parsing module"
name = "pyparsing"
optional = false
python-versions = ">=2.6, !=3.0.*, !=3.1.*, !=3.2.*"
version = "2.4.7"

[[package]]
category = "main"
description = "pysam"
name = "pysam"
optional = false
python-versions = "*"
version = "0.16.0"

[[package]]
category = "dev"
description = "pytest: simple powerful testing with Python"
name = "pytest"
optional = false
python-versions = ">=3.5"
version = "5.4.3"

[package.dependencies]
atomicwrites = ">=1.0"
attrs = ">=17.4.0"
colorama = "*"
more-itertools = ">=4.0.0"
packaging = "*"
pluggy = ">=0.12,<1.0"
py = ">=1.5.0"
wcwidth = "*"

[package.dependencies.importlib-metadata]
python = "<3.8"
version = ">=0.12"

[package.extras]
checkqa-mypy = ["mypy (v0.761)"]
testing = ["argcomplete", "hypothesis (>=3.56)", "mock", "nose", "requests", "xmlschema"]

[[package]]
category = "main"
description = "Extensions to the standard Python datetime module"
name = "python-dateutil"
optional = false
python-versions = "!=3.0.*,!=3.1.*,!=3.2.*,>=2.7"
version = "2.8.1"

[package.dependencies]
six = ">=1.5"

[[package]]
category = "main"
description = "World timezone definitions, modern and historical"
name = "pytz"
optional = false
python-versions = "*"
version = "2020.1"

[[package]]
category = "main"
description = "Variant Call Format (VCF) parser for Python"
name = "pyvcf"
optional = false
python-versions = "*"
version = "0.6.8"

[package.dependencies]
setuptools = "*"

[[package]]
category = "main"
description = "YAML parser and emitter for Python"
name = "pyyaml"
optional = false
python-versions = ">=2.7, !=3.0.*, !=3.1.*, !=3.2.*, !=3.3.*, !=3.4.*"
version = "5.3.1"

[[package]]
category = "main"
description = "A set of python modules for machine learning and data mining"
name = "scikit-learn"
optional = false
python-versions = ">=3.6"
version = "0.23.1"

[package.dependencies]
joblib = ">=0.11"
numpy = ">=1.13.3"
scipy = ">=0.19.1"
threadpoolctl = ">=2.0.0"

[package.extras]
alldeps = ["numpy (>=1.13.3)", "scipy (>=0.19.1)"]

[[package]]
category = "main"
description = "SciPy: Scientific Library for Python"
name = "scipy"
optional = false
python-versions = ">=3.5"
version = "1.4.1"

[package.dependencies]
numpy = ">=1.13.3"

[[package]]
category = "main"
description = "Python 2 and 3 compatibility utilities"
name = "six"
optional = false
python-versions = ">=2.7, !=3.0.*, !=3.1.*, !=3.2.*"
version = "1.15.0"

[[package]]
category = "main"
description = "threadpoolctl"
name = "threadpoolctl"
optional = false
python-versions = ">=3.5"
version = "2.1.0"

[[package]]
category = "main"
description = "Python Library for Tom's Obvious, Minimal Language"
name = "toml"
optional = false
python-versions = "*"
version = "0.10.1"

[[package]]
category = "main"
description = "Virtual Python Environment builder"
name = "virtualenv"
optional = false
python-versions = "!=3.0.*,!=3.1.*,!=3.2.*,!=3.3.*,>=2.7"
version = "20.0.20"

[package.dependencies]
appdirs = ">=1.4.3,<2"
distlib = ">=0.3.0,<1"
filelock = ">=3.0.0,<4"
six = ">=1.9.0,<2"

[package.dependencies.importlib-metadata]
python = "<3.8"
version = ">=0.12,<2"

[package.extras]
docs = ["sphinx (>=3)", "sphinx-argparse (>=0.2.5)", "sphinx-rtd-theme (>=0.4.3)", "towncrier (>=19.9.0rc1)", "proselint (>=0.10.2)"]
testing = ["pytest (>=4)", "coverage (>=5)", "coverage-enable-subprocess (>=1)", "pytest-xdist (>=1.31.0)", "pytest-mock (>=2)", "pytest-env (>=0.6.2)", "pytest-randomly (>=1)", "pytest-timeout", "packaging (>=20.0)", "xonsh (>=0.9.16)"]

[[package]]
category = "dev"
description = "Measures the displayed width of unicode strings in a terminal"
name = "wcwidth"
optional = false
python-versions = "*"
version = "0.2.4"

[[package]]
category = "main"
description = "Backport of pathlib-compatible object wrapper for zip files"
name = "zipp"
optional = false
python-versions = ">=3.6"
version = "3.1.0"

[package.extras]
docs = ["sphinx", "jaraco.packaging (>=3.2)", "rst.linker (>=1.9)"]
testing = ["jaraco.itertools", "func-timeout"]

[metadata]
content-hash = "40808f8dbb4bae4d35ecd31890e1b157177622b9bc51dfd2f7599b52629249e5"
python-versions = "^3.7"

[metadata.files]
appdirs = [
    {file = "appdirs-1.4.3-py2.py3-none-any.whl", hash = "sha256:d8b24664561d0d34ddfaec54636d502d7cea6e29c3eaf68f3df6180863e2166e"},
    {file = "appdirs-1.4.3.tar.gz", hash = "sha256:9e5896d1372858f8dd3344faf4e5014d21849c756c8d5701f78f8a103b372d92"},
]
atomicwrites = [
    {file = "atomicwrites-1.4.0-py2.py3-none-any.whl", hash = "sha256:6d1784dea7c0c8d4a5172b6c620f40b6e4cbfdf96d783691f2e1302a7b88e197"},
    {file = "atomicwrites-1.4.0.tar.gz", hash = "sha256:ae70396ad1a434f9c7046fd2dd196fc04b12f9e91ffb859164193be8b6168a7a"},
]
attrs = [
    {file = "attrs-19.3.0-py2.py3-none-any.whl", hash = "sha256:08a96c641c3a74e44eb59afb61a24f2cb9f4d7188748e76ba4bb5edfa3cb7d1c"},
    {file = "attrs-19.3.0.tar.gz", hash = "sha256:f7b7ce16570fe9965acd6d30101a28f62fb4a7f9e926b3bbc9b61f8b04247e72"},
]
bcbio-gff = [
    {file = "bcbio-gff-0.6.6.tar.gz", hash = "sha256:74c6920c91ca18ed9cb872e9471c0be442dad143d8176345917eb1fefc86bc37"},
]
biopython = [
    {file = "biopython-1.76-cp27-cp27m-macosx_10_6_intel.whl", hash = "sha256:76a6bee1429e88eeaed4aa858bb9f656f44c79db40f726767659e4f95b2fcdb5"},
    {file = "biopython-1.76-cp27-cp27m-manylinux1_i686.whl", hash = "sha256:aee7756947bc79cbcf5a9087ae34d0318f02d85fd5e1914e7fe3dddd4df93520"},
    {file = "biopython-1.76-cp27-cp27m-win32.whl", hash = "sha256:45d91b68f65c1ec6f9bcae1b07bd836c2b99de612d1502a2f08d59502b77e5c6"},
    {file = "biopython-1.76-cp27-cp27m-win_amd64.whl", hash = "sha256:e09d7ae93f93639d58d9314a47ccf8ee9fde4a9e36ba810cd0843b4afd1b1ddc"},
    {file = "biopython-1.76-cp35-cp35m-macosx_10_6_intel.whl", hash = "sha256:3071a4d3e93baa316b3016039335d23d854e922335a6af96af58645d5c7ee676"},
    {file = "biopython-1.76-cp35-cp35m-manylinux1_i686.whl", hash = "sha256:e75b9400aa6122f2c5af75111426a1a07f1ab078b47bd8ef0ff9ca6c54fd398e"},
    {file = "biopython-1.76-cp35-cp35m-manylinux1_x86_64.whl", hash = "sha256:0f3747f985e1890eb267752c4ef0163366a2232cbda4ff3b750dfd3b68e373dc"},
    {file = "biopython-1.76-cp35-cp35m-win32.whl", hash = "sha256:f5a14d4122b126f21e1d623a3e2e6723101840516fce15f225e69608dc023302"},
    {file = "biopython-1.76-cp35-cp35m-win_amd64.whl", hash = "sha256:4710fdaafdab18f20e5ff3e72732da4fe23c49e5bc0879c8cc07739cdd6b8088"},
    {file = "biopython-1.76-cp36-cp36m-macosx_10_6_intel.whl", hash = "sha256:b4d7f28c53884a9282ba3cc5e2887ae40ce2b4abfbb78cfb7a33bebe06a8c43a"},
    {file = "biopython-1.76-cp36-cp36m-manylinux1_i686.whl", hash = "sha256:5f39d2ea4fb0d97fa2e3e8cb55f30dc82475cb95743e45779ffe2c2fd77ece5d"},
    {file = "biopython-1.76-cp36-cp36m-manylinux1_x86_64.whl", hash = "sha256:01951f2474b9fbd38fa34678d2e3fab95497ea3ffa0a5570b2444dd3f906d730"},
    {file = "biopython-1.76-cp36-cp36m-win32.whl", hash = "sha256:98c9b3e03233753cf5f3b6690a4be790f79a6ec290e2a578be1f0e2d982cf43b"},
    {file = "biopython-1.76-cp36-cp36m-win_amd64.whl", hash = "sha256:1d9f473ea96fa4eafa8dba5c1e0c2e98876a93a63a5b90a8eeda9b9192ad18d9"},
    {file = "biopython-1.76-cp37-cp37m-macosx_10_6_intel.whl", hash = "sha256:61bb0effa0252e3f296c49867f3303ecbb0f67d03730482141ff4b204a2b400c"},
    {file = "biopython-1.76-cp37-cp37m-manylinux1_i686.whl", hash = "sha256:e3cad3ff77d19211430816e2bb5dd891b6a29f19e2441ef786979c42746c10b9"},
    {file = "biopython-1.76-cp37-cp37m-manylinux1_x86_64.whl", hash = "sha256:628442d2cbdc0dfc04bd2f2cdc5d73712e2c30e6de4192f9cc6dc6badd3d8205"},
    {file = "biopython-1.76-cp37-cp37m-win32.whl", hash = "sha256:f0c269d202c24fa1dc5afd4067320e1e9447904f31d0e7398b76c24e35fed35c"},
    {file = "biopython-1.76-cp37-cp37m-win_amd64.whl", hash = "sha256:680b688ad6030b7efdd01eb2b9f0b3097b9ad509e9964597760a09dea5cdd5af"},
    {file = "biopython-1.76-cp38-cp38-macosx_10_9_x86_64.whl", hash = "sha256:637795f150c15fdc122bef6798c4189c9f3c3a6f0d18bfbfaf3cc150fcdf6796"},
    {file = "biopython-1.76-cp38-cp38-manylinux1_i686.whl", hash = "sha256:d7cd8a169da9b44f878e218a51a494a7ccc5966a108f8607dcab360367fba6f3"},
    {file = "biopython-1.76-cp38-cp38-manylinux1_x86_64.whl", hash = "sha256:b1a29524cbea4eb7d6ef9c2626c8fdc3d21a1a0790b7a5a6725bfc57e129be39"},
    {file = "biopython-1.76-cp38-cp38-win32.whl", hash = "sha256:526e01568d8ec12f161fb800e967ede2943bf1b61d44151bdc7e4242e58733ff"},
    {file = "biopython-1.76-cp38-cp38-win_amd64.whl", hash = "sha256:20550cad24f66d4c47be556464e892c3e7cadeadb83e28cd3118297dd4bc361b"},
    {file = "biopython-1.76.tar.gz", hash = "sha256:3873cb98dad5e28d5e3f2215a012565345a398d3d2c4eebf7cd701757b828c72"},
]
bx-python = [
    {file = "bx-python-0.8.8.tar.gz", hash = "sha256:ad0808ab19c007e8beebadc31827e0d7560ac0e935f1100fb8cc93607400bb47"},
    {file = "bx_python-0.8.8-cp27-cp27m-macosx_10_6_intel.whl", hash = "sha256:44946191d7428f132b7fd6f9bf03de944e5d073925fb0c6846e829791425d313"},
    {file = "bx_python-0.8.8-cp27-cp27m-manylinux1_i686.whl", hash = "sha256:02b6ddc524598cb77e247fb28d2a6844fd1176853116dcac238ea05eee8a5623"},
    {file = "bx_python-0.8.8-cp27-cp27m-manylinux1_x86_64.whl", hash = "sha256:9ae7c78c5f31b0b9c0eb01ecd6ac00210b1c5925bd53cd365fd4a61df187df2c"},
    {file = "bx_python-0.8.8-cp27-cp27m-manylinux2010_i686.whl", hash = "sha256:16b360b630af051b85f0da59a514be701d6a31bc40d3520cd947b394f07e47b9"},
    {file = "bx_python-0.8.8-cp27-cp27m-manylinux2010_x86_64.whl", hash = "sha256:577343f278d28da81ada958dca303e0f6c709674d14dffd27f5d47ef91fb6181"},
    {file = "bx_python-0.8.8-cp27-cp27mu-manylinux1_i686.whl", hash = "sha256:ac77966039db3306a02a097de401e49467eb58e98eedc56f893b6e2bd78cd904"},
    {file = "bx_python-0.8.8-cp27-cp27mu-manylinux1_x86_64.whl", hash = "sha256:3b95b02d032df9f59214e7b06e9579dd1fbb97a718d62d97b8bbb7c56bf6d7b5"},
    {file = "bx_python-0.8.8-cp27-cp27mu-manylinux2010_i686.whl", hash = "sha256:3ca2b5ce6490ae3bf35e9e9725b34f997e0a9d80d0a79deae44e51161600770e"},
    {file = "bx_python-0.8.8-cp27-cp27mu-manylinux2010_x86_64.whl", hash = "sha256:4af71439ef6fb56e4814e32897d54d079593c3753321a5f434709470d326e4ca"},
    {file = "bx_python-0.8.8-cp35-cp35m-macosx_10_6_intel.whl", hash = "sha256:c15d82aa8e66af59e5e6e22599aae1e8f0b95c15b0fa18e6931713fde18ee548"},
    {file = "bx_python-0.8.8-cp35-cp35m-manylinux1_i686.whl", hash = "sha256:23734c8514fe323deb99b674e5dab76a01526133a2daf6f05ade51dfc1278be2"},
    {file = "bx_python-0.8.8-cp35-cp35m-manylinux1_x86_64.whl", hash = "sha256:c511a255982f6e7c01d2aaa13bad438d7002f887879493a3393294260264dad7"},
    {file = "bx_python-0.8.8-cp35-cp35m-manylinux2010_i686.whl", hash = "sha256:ddb40f293801214934699db00406b648c6964072ccdceb6e0eefb10692678ee6"},
    {file = "bx_python-0.8.8-cp35-cp35m-manylinux2010_x86_64.whl", hash = "sha256:35d7851e016f5e7b370385b3f812f7e6ecc1164565d7f0cf16b0edd151e54bd5"},
    {file = "bx_python-0.8.8-cp36-cp36m-macosx_10_6_intel.whl", hash = "sha256:75b9025bceb77ea4255ec4fd2949198ad14803bcb32e3a1ab5462d757d3699ed"},
    {file = "bx_python-0.8.8-cp36-cp36m-manylinux1_i686.whl", hash = "sha256:c88397469b6f59ca2d339955b5631ce53ee4da9b349b0343af071ca4f5cb322b"},
    {file = "bx_python-0.8.8-cp36-cp36m-manylinux1_x86_64.whl", hash = "sha256:2147c33a8845a003a8fa9f726a310fc405ceaf826ede6ae1e95b89578255dd05"},
    {file = "bx_python-0.8.8-cp36-cp36m-manylinux2010_i686.whl", hash = "sha256:1649f04e1ed1ef710b5b2b5d774613dd0888a9c9c7296e13175a9849332dd4a7"},
    {file = "bx_python-0.8.8-cp36-cp36m-manylinux2010_x86_64.whl", hash = "sha256:3d2c32ed1eab0836fe46fe46d756da063445fbe6d0000c21fd3ab94e35faebf3"},
    {file = "bx_python-0.8.8-cp37-cp37m-macosx_10_6_intel.whl", hash = "sha256:da9390b0648292a5e80c0c6b05e49d2485446a1ccc285f77603a159b44039c8d"},
    {file = "bx_python-0.8.8-cp37-cp37m-manylinux1_i686.whl", hash = "sha256:04f86a465b234bf177aead698b4c0df6815985179b037cf9add65a9028168050"},
    {file = "bx_python-0.8.8-cp37-cp37m-manylinux1_x86_64.whl", hash = "sha256:0e8213df9d4e0cb0738c6eb08147d4808763d43823b5afa0847f22e1a9938a59"},
    {file = "bx_python-0.8.8-cp37-cp37m-manylinux2010_i686.whl", hash = "sha256:3897be25e7a916da603d1feca6d4f27d7e39eebea8fe1a7fbdd1f0b8a309ff6d"},
    {file = "bx_python-0.8.8-cp37-cp37m-manylinux2010_x86_64.whl", hash = "sha256:3af8f6aa8ada757a97230a19faa8bee07b4fbf29d4974fcda01b25e1ab3c4ec6"},
    {file = "bx_python-0.8.8-cp38-cp38-macosx_10_9_x86_64.whl", hash = "sha256:7885ab8b323f6bb4aa2c41ef853da6f9b192322b0e9dfd1e4d0674cbec03da12"},
    {file = "bx_python-0.8.8-cp38-cp38-manylinux1_i686.whl", hash = "sha256:7647fe13cf5d7c66f1d1c4bfdbb524a74d86f17db077d2be912387d2b6b45028"},
    {file = "bx_python-0.8.8-cp38-cp38-manylinux1_x86_64.whl", hash = "sha256:69bbd6997edd65ba3abe01fb05e9f6633cf110e0187cdcf332bbc74eca16c29b"},
    {file = "bx_python-0.8.8-cp38-cp38-manylinux2010_i686.whl", hash = "sha256:4bae231f35a802d2d8719808da67ce87d3d4f80a14ff728f21f469677e2439bb"},
    {file = "bx_python-0.8.8-cp38-cp38-manylinux2010_x86_64.whl", hash = "sha256:c862a6448d23100908a28c63e44b9f53897ade483dd493d06362b5bb61b468d9"},
]
cfgv = [
    {file = "cfgv-3.1.0-py2.py3-none-any.whl", hash = "sha256:1ccf53320421aeeb915275a196e23b3b8ae87dea8ac6698b1638001d4a486d53"},
    {file = "cfgv-3.1.0.tar.gz", hash = "sha256:c8e8f552ffcc6194f4e18dd4f68d9aef0c0d58ae7e7be8c82bee3c5e9edfa513"},
]
colorama = [
    {file = "colorama-0.4.3-py2.py3-none-any.whl", hash = "sha256:7d73d2a99753107a36ac6b455ee49046802e59d9d076ef8e47b61499fa29afff"},
    {file = "colorama-0.4.3.tar.gz", hash = "sha256:e96da0d330793e2cb9485e9ddfd918d456036c7149416295932478192f4436a1"},
]
cupcake = []
cython = [
    {file = "Cython-0.29.20-cp27-cp27m-macosx_10_9_x86_64.whl", hash = "sha256:a49d0f5c55ad0f4aacad32f058a71d0701cb8936d6883803e50698fa04cac8d2"},
    {file = "Cython-0.29.20-cp27-cp27m-manylinux1_i686.whl", hash = "sha256:a985a7e3c7f1663af398938029659a4381cfe9d1bd982cf19c46b01453e81775"},
    {file = "Cython-0.29.20-cp27-cp27m-manylinux1_x86_64.whl", hash = "sha256:714b8926a84e3e39c5278e43fb8823598db82a4b015cff263b786dc609a5e7d6"},
    {file = "Cython-0.29.20-cp27-cp27m-win32.whl", hash = "sha256:0754ec9d45518d0dbb5da72db2c8b063d40c4c51779618c68431054de179387f"},
    {file = "Cython-0.29.20-cp27-cp27m-win_amd64.whl", hash = "sha256:a21cb3423acd6dbf383c9e41e8e60c93741987950434c85145864458d30099f3"},
    {file = "Cython-0.29.20-cp27-cp27mu-manylinux1_i686.whl", hash = "sha256:2d84e8d2a0c698c1bce7c2a4677f9f03b076e9f0af7095947ecd2a900ffceea5"},
    {file = "Cython-0.29.20-cp27-cp27mu-manylinux1_x86_64.whl", hash = "sha256:b7bb0d54ff453c7516d323c3c78b211719f39a506652b79b7e85ba447d5fa9e7"},
    {file = "Cython-0.29.20-cp34-cp34m-manylinux1_i686.whl", hash = "sha256:c5e29333c9e20df384645902bed7a67a287b979da1886c8f10f88e57b69e0f4b"},
    {file = "Cython-0.29.20-cp34-cp34m-manylinux1_x86_64.whl", hash = "sha256:0f3488bf2a9e049d1907d35ad8834f542f8c03d858d1bca6d0cbc06b719163e0"},
    {file = "Cython-0.29.20-cp34-cp34m-win32.whl", hash = "sha256:34dd57f5ac5a0e3d53da964994fc1b7e7ee3f86172d7a1f0bde8a1f90739e04d"},
    {file = "Cython-0.29.20-cp34-cp34m-win_amd64.whl", hash = "sha256:1024714b0f7829b0f712db9cebec92c2782b1f42409b8575cacc340aa438d4ba"},
    {file = "Cython-0.29.20-cp35-cp35m-macosx_10_6_intel.whl", hash = "sha256:0bb201124f67b8d5e6a3e7c02257ca56a90204611971ecca76c02897096f097d"},
    {file = "Cython-0.29.20-cp35-cp35m-manylinux1_i686.whl", hash = "sha256:57f32d1095ad7fad1e7f2ff6e8c6a7197fa532c8e6f4d044ff69212e0bf05461"},
    {file = "Cython-0.29.20-cp35-cp35m-manylinux1_x86_64.whl", hash = "sha256:d490a54814b69d814b157ac86ada98c15fd77fabafc23732818ed9b9f1f0af80"},
    {file = "Cython-0.29.20-cp35-cp35m-win32.whl", hash = "sha256:5dfe519e400a1672a3ac5bdfb5e957a9c14c52caafb01f4a923998ec9ae77736"},
    {file = "Cython-0.29.20-cp35-cp35m-win_amd64.whl", hash = "sha256:9bfd42c1d40aa26bf76186cba0d89be66ba47e36fa7ea56d71f377585a53f7c4"},
    {file = "Cython-0.29.20-cp36-cp36m-macosx_10_9_x86_64.whl", hash = "sha256:60def282839ed81a2ffae29d2df0a6777fd74478c6e82c6c3f4b54e698b9d11c"},
    {file = "Cython-0.29.20-cp36-cp36m-manylinux1_i686.whl", hash = "sha256:8598b09f7973ccb15c03b21d3185dc129ae7c60d0a6caf8176b7099a4b83483e"},
    {file = "Cython-0.29.20-cp36-cp36m-manylinux1_x86_64.whl", hash = "sha256:4473f169d6dd02174eb76396cb38ce469f377c08b21965ddf4f88bbbebd5816e"},
    {file = "Cython-0.29.20-cp36-cp36m-win32.whl", hash = "sha256:b553473c31297e4ca77fbaea2eb2329889d898c03941d90941679247c17e38fb"},
    {file = "Cython-0.29.20-cp36-cp36m-win_amd64.whl", hash = "sha256:809f0a3f647052c4bcbc34a15f53a5dab90de1a83ebd77add37ed5d3e6ee5d97"},
    {file = "Cython-0.29.20-cp37-cp37m-macosx_10_9_x86_64.whl", hash = "sha256:384582b5024007dfdabc9753e3e0f85d61837b0103b0ee3f8acf04a4bcfad175"},
    {file = "Cython-0.29.20-cp37-cp37m-manylinux1_i686.whl", hash = "sha256:7352b88f2213325c1e111561496a7d53b0326e7f07e6f81f9b8b21420e40851c"},
    {file = "Cython-0.29.20-cp37-cp37m-manylinux1_x86_64.whl", hash = "sha256:c5df2c42d4066cda175cd4d075225501e1842cfdbdaeeb388eb7685c367cc3ce"},
    {file = "Cython-0.29.20-cp37-cp37m-win32.whl", hash = "sha256:7089fb2be9a9869b9aa277bc6de401928954ce70e139c3cf9b244ae5f490b8f2"},
    {file = "Cython-0.29.20-cp37-cp37m-win_amd64.whl", hash = "sha256:b32965445b8dbdc36c69fba47e024060f9b39b1b4ceb816da5028eea01924505"},
    {file = "Cython-0.29.20-cp38-cp38-macosx_10_9_x86_64.whl", hash = "sha256:8dc68f93b257718ea0e2bc9be8e3c61d70b6e49ab82391125ba0112a30a21025"},
    {file = "Cython-0.29.20-cp38-cp38-manylinux1_i686.whl", hash = "sha256:b3233341c3fe352b1090168bd087686880b582b635d707b2c8f5d4f1cc1fa533"},
    {file = "Cython-0.29.20-cp38-cp38-manylinux1_x86_64.whl", hash = "sha256:10b6d2e2125169158128b7f11dad8bb0d8f5fba031d5d4f8492f3afbd06491d7"},
    {file = "Cython-0.29.20-cp38-cp38-win32.whl", hash = "sha256:16ed0260d031d90dda43997e9b0f0eebc3cf18e6ece91cad7b0fb17cd4bfb29b"},
    {file = "Cython-0.29.20-cp38-cp38-win_amd64.whl", hash = "sha256:d0b445def03b4cd33bd2d1ae6fbbe252b6d1ef7077b3b5ba3f2c698a190d26e5"},
    {file = "Cython-0.29.20-py2.py3-none-any.whl", hash = "sha256:b56c02f14f1708411d95679962b742a1235d33a23535ce4a7f75425447701245"},
    {file = "Cython-0.29.20.tar.gz", hash = "sha256:22d91af5fc2253f717a1b80b8bb45acb655f643611983fd6f782b9423f8171c7"},
]
decorator = [
    {file = "decorator-4.4.2-py2.py3-none-any.whl", hash = "sha256:41fa54c2a0cc4ba648be4fd43cff00aedf5b9465c9bf18d64325bc225f08f760"},
    {file = "decorator-4.4.2.tar.gz", hash = "sha256:e3a62f0520172440ca0dcc823749319382e377f37f140a0b99ef45fecb84bfe7"},
]
distlib = [
    {file = "distlib-0.3.0.zip", hash = "sha256:2e166e231a26b36d6dfe35a48c4464346620f8645ed0ace01ee31822b288de21"},
]
filelock = [
    {file = "filelock-3.0.12-py3-none-any.whl", hash = "sha256:929b7d63ec5b7d6b71b0fa5ac14e030b3f70b75747cef1b10da9b879fef15836"},
    {file = "filelock-3.0.12.tar.gz", hash = "sha256:18d82244ee114f543149c66a6e0c14e9c4f8a1044b5cdaadd0f82159d6a6ff59"},
]
identify = [
    {file = "identify-1.4.19-py2.py3-none-any.whl", hash = "sha256:781fd3401f5d2b17b22a8b18b493a48d5d948e3330634e82742e23f9c20234ef"},
    {file = "identify-1.4.19.tar.gz", hash = "sha256:249ebc7e2066d6393d27c1b1be3b70433f824a120b1d8274d362f1eb419e3b52"},
]
importlib-metadata = [
    {file = "importlib_metadata-1.6.1-py2.py3-none-any.whl", hash = "sha256:15ec6c0fd909e893e3a08b3a7c76ecb149122fb14b7efe1199ddd4c7c57ea958"},
    {file = "importlib_metadata-1.6.1.tar.gz", hash = "sha256:0505dd08068cfec00f53a74a0ad927676d7757da81b7436a6eefe4c7cf75c545"},
]
joblib = [
    {file = "joblib-0.15.1-py3-none-any.whl", hash = "sha256:6825784ffda353cc8a1be573118085789e5b5d29401856b35b756645ab5aecb5"},
    {file = "joblib-0.15.1.tar.gz", hash = "sha256:61e49189c84b3c5d99a969d314853f4d1d263316cc694bec17548ebaa9c47b6e"},
]
more-itertools = [
    {file = "more-itertools-8.4.0.tar.gz", hash = "sha256:68c70cc7167bdf5c7c9d8f6954a7837089c6a36bf565383919bb595efb8a17e5"},
    {file = "more_itertools-8.4.0-py3-none-any.whl", hash = "sha256:b78134b2063dd214000685165d81c154522c3ee0a1c0d4d113c80361c234c5a2"},
]
networkx = [
    {file = "networkx-2.4-py3-none-any.whl", hash = "sha256:cdfbf698749a5014bf2ed9db4a07a5295df1d3a53bf80bf3cbd61edf9df05fa1"},
    {file = "networkx-2.4.tar.gz", hash = "sha256:f8f4ff0b6f96e4f9b16af6b84622597b5334bf9cae8cf9b2e42e7985d5c95c64"},
]
nodeenv = [
    {file = "nodeenv-1.4.0-py2.py3-none-any.whl", hash = "sha256:4b0b77afa3ba9b54f4b6396e60b0c83f59eaeb2d63dc3cc7a70f7f4af96c82bc"},
]
numpy = [
    {file = "numpy-1.18.1-cp35-cp35m-macosx_10_6_intel.whl", hash = "sha256:20b26aaa5b3da029942cdcce719b363dbe58696ad182aff0e5dcb1687ec946dc"},
    {file = "numpy-1.18.1-cp35-cp35m-manylinux1_i686.whl", hash = "sha256:70a840a26f4e61defa7bdf811d7498a284ced303dfbc35acb7be12a39b2aa121"},
    {file = "numpy-1.18.1-cp35-cp35m-manylinux1_x86_64.whl", hash = "sha256:17aa7a81fe7599a10f2b7d95856dc5cf84a4eefa45bc96123cbbc3ebc568994e"},
    {file = "numpy-1.18.1-cp35-cp35m-win32.whl", hash = "sha256:f3d0a94ad151870978fb93538e95411c83899c9dc63e6fb65542f769568ecfa5"},
    {file = "numpy-1.18.1-cp35-cp35m-win_amd64.whl", hash = "sha256:1786a08236f2c92ae0e70423c45e1e62788ed33028f94ca99c4df03f5be6b3c6"},
    {file = "numpy-1.18.1-cp36-cp36m-macosx_10_9_x86_64.whl", hash = "sha256:ae0975f42ab1f28364dcda3dde3cf6c1ddab3e1d4b2909da0cb0191fa9ca0480"},
    {file = "numpy-1.18.1-cp36-cp36m-manylinux1_i686.whl", hash = "sha256:cf7eb6b1025d3e169989416b1adcd676624c2dbed9e3bcb7137f51bfc8cc2572"},
    {file = "numpy-1.18.1-cp36-cp36m-manylinux1_x86_64.whl", hash = "sha256:b765ed3930b92812aa698a455847141869ef755a87e099fddd4ccf9d81fffb57"},
    {file = "numpy-1.18.1-cp36-cp36m-win32.whl", hash = "sha256:2d75908ab3ced4223ccba595b48e538afa5ecc37405923d1fea6906d7c3a50bc"},
    {file = "numpy-1.18.1-cp36-cp36m-win_amd64.whl", hash = "sha256:9acdf933c1fd263c513a2df3dceecea6f3ff4419d80bf238510976bf9bcb26cd"},
    {file = "numpy-1.18.1-cp37-cp37m-macosx_10_9_x86_64.whl", hash = "sha256:56bc8ded6fcd9adea90f65377438f9fea8c05fcf7c5ba766bef258d0da1554aa"},
    {file = "numpy-1.18.1-cp37-cp37m-manylinux1_i686.whl", hash = "sha256:e422c3152921cece8b6a2fb6b0b4d73b6579bd20ae075e7d15143e711f3ca2ca"},
    {file = "numpy-1.18.1-cp37-cp37m-manylinux1_x86_64.whl", hash = "sha256:b3af02ecc999c8003e538e60c89a2b37646b39b688d4e44d7373e11c2debabec"},
    {file = "numpy-1.18.1-cp37-cp37m-win32.whl", hash = "sha256:d92350c22b150c1cae7ebb0ee8b5670cc84848f6359cf6b5d8f86617098a9b73"},
    {file = "numpy-1.18.1-cp37-cp37m-win_amd64.whl", hash = "sha256:77c3bfe65d8560487052ad55c6998a04b654c2fbc36d546aef2b2e511e760971"},
    {file = "numpy-1.18.1-cp38-cp38-macosx_10_9_x86_64.whl", hash = "sha256:c98c5ffd7d41611407a1103ae11c8b634ad6a43606eca3e2a5a269e5d6e8eb07"},
    {file = "numpy-1.18.1-cp38-cp38-manylinux1_i686.whl", hash = "sha256:9537eecf179f566fd1c160a2e912ca0b8e02d773af0a7a1120ad4f7507cd0d26"},
    {file = "numpy-1.18.1-cp38-cp38-manylinux1_x86_64.whl", hash = "sha256:e840f552a509e3380b0f0ec977e8124d0dc34dc0e68289ca28f4d7c1d0d79474"},
    {file = "numpy-1.18.1-cp38-cp38-win32.whl", hash = "sha256:590355aeade1a2eaba17617c19edccb7db8d78760175256e3cf94590a1a964f3"},
    {file = "numpy-1.18.1-cp38-cp38-win_amd64.whl", hash = "sha256:39d2c685af15d3ce682c99ce5925cc66efc824652e10990d2462dfe9b8918c6a"},
    {file = "numpy-1.18.1.zip", hash = "sha256:b6ff59cee96b454516e47e7721098e6ceebef435e3e21ac2d6c3b8b02628eb77"},
]
packaging = [
    {file = "packaging-20.4-py2.py3-none-any.whl", hash = "sha256:998416ba6962ae7fbd6596850b80e17859a5753ba17c32284f67bfff33784181"},
    {file = "packaging-20.4.tar.gz", hash = "sha256:4357f74f47b9c12db93624a82154e9b120fa8293699949152b22065d556079f8"},
]
pandas = [
    {file = "pandas-1.0.4-cp36-cp36m-macosx_10_9_x86_64.whl", hash = "sha256:1f6fcf0404626ca0475715da045a878c7062ed39bc859afc4ccf0ba0a586a0aa"},
    {file = "pandas-1.0.4-cp36-cp36m-manylinux1_i686.whl", hash = "sha256:bab51855f8b318ef39c2af2c11095f45a10b74cbab4e3c8199efcc5af314c648"},
    {file = "pandas-1.0.4-cp36-cp36m-manylinux1_x86_64.whl", hash = "sha256:2a8b6c28607e3f3c344fe3e9b3cd76d2bf9f59bc8c0f2e582e3728b80e1786dc"},
    {file = "pandas-1.0.4-cp36-cp36m-win32.whl", hash = "sha256:034185bb615dc96d08fa13aacba8862949db19d5e7804d6ee242d086f07bcc46"},
    {file = "pandas-1.0.4-cp36-cp36m-win_amd64.whl", hash = "sha256:a647e44ba1b3344ebc5991c8aafeb7cca2b930010923657a273b41d86ae225c4"},
    {file = "pandas-1.0.4-cp37-cp37m-macosx_10_9_x86_64.whl", hash = "sha256:698e26372dba93f3aeb09cd7da2bb6dd6ade248338cfe423792c07116297f8f4"},
    {file = "pandas-1.0.4-cp37-cp37m-manylinux1_i686.whl", hash = "sha256:2bc2ff52091a6ac481cc75d514f06227dc1b10887df1eb72d535475e7b825e31"},
    {file = "pandas-1.0.4-cp37-cp37m-manylinux1_x86_64.whl", hash = "sha256:519678882fd0587410ece91e3ff7f73ad6ded60f6fcb8aa7bcc85c1dc20ecac6"},
    {file = "pandas-1.0.4-cp37-cp37m-win32.whl", hash = "sha256:51e0abe6e9f5096d246232b461649b0aa627f46de8f6344597ca908f2240cbaa"},
    {file = "pandas-1.0.4-cp37-cp37m-win_amd64.whl", hash = "sha256:415e4d52fcfd68c3d8f1851cef4d947399232741cc994c8f6aa5e6a9f2e4b1d8"},
    {file = "pandas-1.0.4-cp38-cp38-macosx_10_9_x86_64.whl", hash = "sha256:0c9b7f1933e3226cc16129cf2093338d63ace5c85db7c9588e3e1ac5c1937ad5"},
    {file = "pandas-1.0.4-cp38-cp38-manylinux1_i686.whl", hash = "sha256:982cda36d1773076a415ec62766b3c0a21cdbae84525135bdb8f460c489bb5dd"},
    {file = "pandas-1.0.4-cp38-cp38-manylinux1_x86_64.whl", hash = "sha256:29b4cfee5df2bc885607b8f016e901e63df7ffc8f00209000471778f46cc6678"},
    {file = "pandas-1.0.4-cp38-cp38-win32.whl", hash = "sha256:1fc963ba33c299973e92d45466e576d11f28611f3549469aec4a35658ef9f4cc"},
    {file = "pandas-1.0.4-cp38-cp38-win_amd64.whl", hash = "sha256:83af85c8e539a7876d23b78433d90f6a0e8aa913e37320785cf3888c946ee874"},
    {file = "pandas-1.0.4.tar.gz", hash = "sha256:b35d625282baa7b51e82e52622c300a1ca9f786711b2af7cbe64f1e6831f4126"},
]
pluggy = [
    {file = "pluggy-0.13.1-py2.py3-none-any.whl", hash = "sha256:966c145cd83c96502c3c3868f50408687b38434af77734af1e9ca461a4081d2d"},
    {file = "pluggy-0.13.1.tar.gz", hash = "sha256:15b2acde666561e1298d71b523007ed7364de07029219b604cf808bfa1c765b0"},
]
psutil = [
    {file = "psutil-5.7.0-cp27-none-win32.whl", hash = "sha256:298af2f14b635c3c7118fd9183843f4e73e681bb6f01e12284d4d70d48a60953"},
    {file = "psutil-5.7.0-cp27-none-win_amd64.whl", hash = "sha256:75e22717d4dbc7ca529ec5063000b2b294fc9a367f9c9ede1f65846c7955fd38"},
    {file = "psutil-5.7.0-cp35-cp35m-win32.whl", hash = "sha256:f344ca230dd8e8d5eee16827596f1c22ec0876127c28e800d7ae20ed44c4b310"},
    {file = "psutil-5.7.0-cp35-cp35m-win_amd64.whl", hash = "sha256:e2d0c5b07c6fe5a87fa27b7855017edb0d52ee73b71e6ee368fae268605cc3f5"},
    {file = "psutil-5.7.0-cp36-cp36m-win32.whl", hash = "sha256:a02f4ac50d4a23253b68233b07e7cdb567bd025b982d5cf0ee78296990c22d9e"},
    {file = "psutil-5.7.0-cp36-cp36m-win_amd64.whl", hash = "sha256:1413f4158eb50e110777c4f15d7c759521703bd6beb58926f1d562da40180058"},
    {file = "psutil-5.7.0-cp37-cp37m-win32.whl", hash = "sha256:d008ddc00c6906ec80040d26dc2d3e3962109e40ad07fd8a12d0284ce5e0e4f8"},
    {file = "psutil-5.7.0-cp37-cp37m-win_amd64.whl", hash = "sha256:73f35ab66c6c7a9ce82ba44b1e9b1050be2a80cd4dcc3352cc108656b115c74f"},
    {file = "psutil-5.7.0-cp38-cp38-win32.whl", hash = "sha256:60b86f327c198561f101a92be1995f9ae0399736b6eced8f24af41ec64fb88d4"},
    {file = "psutil-5.7.0-cp38-cp38-win_amd64.whl", hash = "sha256:d84029b190c8a66a946e28b4d3934d2ca1528ec94764b180f7d6ea57b0e75e26"},
    {file = "psutil-5.7.0.tar.gz", hash = "sha256:685ec16ca14d079455892f25bd124df26ff9137664af445563c1bd36629b5e0e"},
]
py = [
    {file = "py-1.8.1-py2.py3-none-any.whl", hash = "sha256:c20fdd83a5dbc0af9efd622bee9a5564e278f6380fffcacc43ba6f43db2813b0"},
    {file = "py-1.8.1.tar.gz", hash = "sha256:5e27081401262157467ad6e7f851b7aa402c5852dbcb3dae06768434de5752aa"},
]
pyparsing = [
    {file = "pyparsing-2.4.7-py2.py3-none-any.whl", hash = "sha256:ef9d7589ef3c200abe66653d3f1ab1033c3c419ae9b9bdb1240a85b024efc88b"},
    {file = "pyparsing-2.4.7.tar.gz", hash = "sha256:c203ec8783bf771a155b207279b9bccb8dea02d8f0c9e5f8ead507bc3246ecc1"},
]
pysam = [
    {file = "pysam-0.16.0.tar.gz", hash = "sha256:07c9d3a772f90e9907a68bc3f495e2c608018a92888b9cf9f1197cb3a35aa9c3"},
]
pytest = [
    {file = "pytest-5.4.3-py3-none-any.whl", hash = "sha256:5c0db86b698e8f170ba4582a492248919255fcd4c79b1ee64ace34301fb589a1"},
    {file = "pytest-5.4.3.tar.gz", hash = "sha256:7979331bfcba207414f5e1263b5a0f8f521d0f457318836a7355531ed1a4c7d8"},
]
python-dateutil = [
    {file = "python-dateutil-2.8.1.tar.gz", hash = "sha256:73ebfe9dbf22e832286dafa60473e4cd239f8592f699aa5adaf10050e6e1823c"},
    {file = "python_dateutil-2.8.1-py2.py3-none-any.whl", hash = "sha256:75bb3f31ea686f1197762692a9ee6a7550b59fc6ca3a1f4b5d7e32fb98e2da2a"},
]
pytz = [
    {file = "pytz-2020.1-py2.py3-none-any.whl", hash = "sha256:a494d53b6d39c3c6e44c3bec237336e14305e4f29bbf800b599253057fbb79ed"},
    {file = "pytz-2020.1.tar.gz", hash = "sha256:c35965d010ce31b23eeb663ed3cc8c906275d6be1a34393a1d73a41febf4a048"},
]
pyvcf = [
    {file = "PyVCF-0.6.8.linux-x86_64.tar.gz", hash = "sha256:1b3c833dcf4cca830e8255e3ac0573d2e69f588f71f7a5efb2a92b45d7b70021"},
    {file = "PyVCF-0.6.8.tar.gz", hash = "sha256:e9d872513d179d229ab61da47a33f42726e9613784d1cb2bac3f8e2642f6f9d9"},
]
pyyaml = [
    {file = "PyYAML-5.3.1-cp27-cp27m-win32.whl", hash = "sha256:74809a57b329d6cc0fdccee6318f44b9b8649961fa73144a98735b0aaf029f1f"},
    {file = "PyYAML-5.3.1-cp27-cp27m-win_amd64.whl", hash = "sha256:240097ff019d7c70a4922b6869d8a86407758333f02203e0fc6ff79c5dcede76"},
    {file = "PyYAML-5.3.1-cp35-cp35m-win32.whl", hash = "sha256:4f4b913ca1a7319b33cfb1369e91e50354d6f07a135f3b901aca02aa95940bd2"},
    {file = "PyYAML-5.3.1-cp35-cp35m-win_amd64.whl", hash = "sha256:cc8955cfbfc7a115fa81d85284ee61147059a753344bc51098f3ccd69b0d7e0c"},
    {file = "PyYAML-5.3.1-cp36-cp36m-win32.whl", hash = "sha256:7739fc0fa8205b3ee8808aea45e968bc90082c10aef6ea95e855e10abf4a37b2"},
    {file = "PyYAML-5.3.1-cp36-cp36m-win_amd64.whl", hash = "sha256:69f00dca373f240f842b2931fb2c7e14ddbacd1397d57157a9b005a6a9942648"},
    {file = "PyYAML-5.3.1-cp37-cp37m-win32.whl", hash = "sha256:d13155f591e6fcc1ec3b30685d50bf0711574e2c0dfffd7644babf8b5102ca1a"},
    {file = "PyYAML-5.3.1-cp37-cp37m-win_amd64.whl", hash = "sha256:73f099454b799e05e5ab51423c7bcf361c58d3206fa7b0d555426b1f4d9a3eaf"},
    {file = "PyYAML-5.3.1-cp38-cp38-win32.whl", hash = "sha256:06a0d7ba600ce0b2d2fe2e78453a470b5a6e000a985dd4a4e54e436cc36b0e97"},
    {file = "PyYAML-5.3.1-cp38-cp38-win_amd64.whl", hash = "sha256:95f71d2af0ff4227885f7a6605c37fd53d3a106fcab511b8860ecca9fcf400ee"},
    {file = "PyYAML-5.3.1.tar.gz", hash = "sha256:b8eac752c5e14d3eca0e6dd9199cd627518cb5ec06add0de9d32baeee6fe645d"},
]
scikit-learn = [
    {file = "scikit-learn-0.23.1.tar.gz", hash = "sha256:e3fec1c8831f8f93ad85581ca29ca1bb88e2da377fb097cf8322aa89c21bc9b8"},
    {file = "scikit_learn-0.23.1-cp36-cp36m-macosx_10_9_x86_64.whl", hash = "sha256:058d213092de4384710137af1300ed0ff030b8c40459a6c6f73c31ccd274cc39"},
    {file = "scikit_learn-0.23.1-cp36-cp36m-manylinux1_i686.whl", hash = "sha256:ebe853e6f318f9d8b3b74dd17e553720d35646eff675a69eeaed12fbbbb07daa"},
    {file = "scikit_learn-0.23.1-cp36-cp36m-manylinux1_x86_64.whl", hash = "sha256:e9879ba9e64ec3add41bf201e06034162f853652ef4849b361d73b0deb3153ad"},
    {file = "scikit_learn-0.23.1-cp36-cp36m-win32.whl", hash = "sha256:c2fa33d20408b513cf432505c80e6eb4bf4d71434f1ae36680765d4a2c2a16ec"},
    {file = "scikit_learn-0.23.1-cp36-cp36m-win_amd64.whl", hash = "sha256:e585682e37f2faa81ad6cd4472fff646bf2fd0542147bec93697a905db8e6bd2"},
    {file = "scikit_learn-0.23.1-cp37-cp37m-macosx_10_9_x86_64.whl", hash = "sha256:244ca85d6eba17a1e6e8a66ab2f584be6a7784b5f59297e3d7ff8c7983af627c"},
    {file = "scikit_learn-0.23.1-cp37-cp37m-manylinux1_i686.whl", hash = "sha256:9e04c0811ea92931ee8490d638171b8cb2f21387efcfff526bbc8c2a3da60f1c"},
    {file = "scikit_learn-0.23.1-cp37-cp37m-manylinux1_x86_64.whl", hash = "sha256:0e7b55f73b35537ecd0d19df29dd39aa9e076dba78f3507b8136c819d84611fd"},
    {file = "scikit_learn-0.23.1-cp37-cp37m-win32.whl", hash = "sha256:bded94236e16774385202cafd26190ce96db18e4dc21e99473848c61e4fdc400"},
    {file = "scikit_learn-0.23.1-cp37-cp37m-win_amd64.whl", hash = "sha256:04799686060ecbf8992f26a35be1d99e981894c8c7860c1365cda4200f954a16"},
    {file = "scikit_learn-0.23.1-cp38-cp38-macosx_10_9_x86_64.whl", hash = "sha256:0c3464e46ef8bd4f1bfa5c009648c6449412c8f7e9b3fc0c9e3d800139c48827"},
    {file = "scikit_learn-0.23.1-cp38-cp38-manylinux1_i686.whl", hash = "sha256:93f56abd316d131645559ec0ab4f45e3391c2ccdd4eadaa4912f4c1e0a6f2c96"},
    {file = "scikit_learn-0.23.1-cp38-cp38-manylinux1_x86_64.whl", hash = "sha256:3e6e92b495eee193a8fa12a230c9b7976ea0fc1263719338e35c986ea1e42cff"},
    {file = "scikit_learn-0.23.1-cp38-cp38-win32.whl", hash = "sha256:5bcea4d6ee431c814261117281363208408aa4e665633655895feb059021aca6"},
    {file = "scikit_learn-0.23.1-cp38-cp38-win_amd64.whl", hash = "sha256:16feae4361be6b299d4d08df5a30956b4bfc8eadf173fe9258f6d59630f851d4"},
]
scipy = [
    {file = "scipy-1.4.1-cp35-cp35m-macosx_10_6_intel.whl", hash = "sha256:c5cac0c0387272ee0e789e94a570ac51deb01c796b37fb2aad1fb13f85e2f97d"},
    {file = "scipy-1.4.1-cp35-cp35m-manylinux1_i686.whl", hash = "sha256:a144811318853a23d32a07bc7fd5561ff0cac5da643d96ed94a4ffe967d89672"},
    {file = "scipy-1.4.1-cp35-cp35m-manylinux1_x86_64.whl", hash = "sha256:71eb180f22c49066f25d6df16f8709f215723317cc951d99e54dc88020ea57be"},
    {file = "scipy-1.4.1-cp35-cp35m-win32.whl", hash = "sha256:770254a280d741dd3436919d47e35712fb081a6ff8bafc0f319382b954b77802"},
    {file = "scipy-1.4.1-cp35-cp35m-win_amd64.whl", hash = "sha256:a1aae70d52d0b074d8121333bc807a485f9f1e6a69742010b33780df2e60cfe0"},
    {file = "scipy-1.4.1-cp36-cp36m-macosx_10_6_intel.whl", hash = "sha256:bb517872058a1f087c4528e7429b4a44533a902644987e7b2fe35ecc223bc408"},
    {file = "scipy-1.4.1-cp36-cp36m-manylinux1_i686.whl", hash = "sha256:dba8306f6da99e37ea08c08fef6e274b5bf8567bb094d1dbe86a20e532aca088"},
    {file = "scipy-1.4.1-cp36-cp36m-manylinux1_x86_64.whl", hash = "sha256:386086e2972ed2db17cebf88610aab7d7f6e2c0ca30042dc9a89cf18dcc363fa"},
    {file = "scipy-1.4.1-cp36-cp36m-win32.whl", hash = "sha256:8d3bc3993b8e4be7eade6dcc6fd59a412d96d3a33fa42b0fa45dc9e24495ede9"},
    {file = "scipy-1.4.1-cp36-cp36m-win_amd64.whl", hash = "sha256:dc60bb302f48acf6da8ca4444cfa17d52c63c5415302a9ee77b3b21618090521"},
    {file = "scipy-1.4.1-cp37-cp37m-macosx_10_6_intel.whl", hash = "sha256:787cc50cab3020a865640aba3485e9fbd161d4d3b0d03a967df1a2881320512d"},
    {file = "scipy-1.4.1-cp37-cp37m-manylinux1_i686.whl", hash = "sha256:0902a620a381f101e184a958459b36d3ee50f5effd186db76e131cbefcbb96f7"},
    {file = "scipy-1.4.1-cp37-cp37m-manylinux1_x86_64.whl", hash = "sha256:00af72998a46c25bdb5824d2b729e7dabec0c765f9deb0b504f928591f5ff9d4"},
    {file = "scipy-1.4.1-cp37-cp37m-win32.whl", hash = "sha256:9508a7c628a165c2c835f2497837bf6ac80eb25291055f56c129df3c943cbaf8"},
    {file = "scipy-1.4.1-cp37-cp37m-win_amd64.whl", hash = "sha256:a2d6df9eb074af7f08866598e4ef068a2b310d98f87dc23bd1b90ec7bdcec802"},
    {file = "scipy-1.4.1-cp38-cp38-macosx_10_9_x86_64.whl", hash = "sha256:3092857f36b690a321a662fe5496cb816a7f4eecd875e1d36793d92d3f884073"},
    {file = "scipy-1.4.1-cp38-cp38-manylinux1_i686.whl", hash = "sha256:8a07760d5c7f3a92e440ad3aedcc98891e915ce857664282ae3c0220f3301eb6"},
    {file = "scipy-1.4.1-cp38-cp38-manylinux1_x86_64.whl", hash = "sha256:1e3190466d669d658233e8a583b854f6386dd62d655539b77b3fa25bfb2abb70"},
    {file = "scipy-1.4.1-cp38-cp38-win32.whl", hash = "sha256:cc971a82ea1170e677443108703a2ec9ff0f70752258d0e9f5433d00dda01f59"},
    {file = "scipy-1.4.1-cp38-cp38-win_amd64.whl", hash = "sha256:2cce3f9847a1a51019e8c5b47620da93950e58ebc611f13e0d11f4980ca5fecb"},
    {file = "scipy-1.4.1.tar.gz", hash = "sha256:dee1bbf3a6c8f73b6b218cb28eed8dd13347ea2f87d572ce19b289d6fd3fbc59"},
]
six = [
    {file = "six-1.15.0-py2.py3-none-any.whl", hash = "sha256:8b74bedcbbbaca38ff6d7491d76f2b06b3592611af620f8426e82dddb04a5ced"},
    {file = "six-1.15.0.tar.gz", hash = "sha256:30639c035cdb23534cd4aa2dd52c3bf48f06e5f4a941509c8bafd8ce11080259"},
]
threadpoolctl = [
    {file = "threadpoolctl-2.1.0-py3-none-any.whl", hash = "sha256:38b74ca20ff3bb42caca8b00055111d74159ee95c4370882bbff2b93d24da725"},
    {file = "threadpoolctl-2.1.0.tar.gz", hash = "sha256:ddc57c96a38beb63db45d6c159b5ab07b6bced12c45a1f07b2b92f272aebfa6b"},
]
toml = [
    {file = "toml-0.10.1-py2.py3-none-any.whl", hash = "sha256:bda89d5935c2eac546d648028b9901107a595863cb36bae0c73ac804a9b4ce88"},
    {file = "toml-0.10.1.tar.gz", hash = "sha256:926b612be1e5ce0634a2ca03470f95169cf16f939018233a670519cb4ac58b0f"},
]
virtualenv = [
    {file = "virtualenv-20.0.20-py2.py3-none-any.whl", hash = "sha256:b4c14d4d73a0c23db267095383c4276ef60e161f94fde0427f2f21a0132dde74"},
    {file = "virtualenv-20.0.20.tar.gz", hash = "sha256:fd0e54dec8ac96c1c7c87daba85f0a59a7c37fe38748e154306ca21c73244637"},
]
wcwidth = [
    {file = "wcwidth-0.2.4-py2.py3-none-any.whl", hash = "sha256:79375666b9954d4a1a10739315816324c3e73110af9d0e102d906fdb0aec009f"},
    {file = "wcwidth-0.2.4.tar.gz", hash = "sha256:8c6b5b6ee1360b842645f336d9e5d68c55817c26d3050f46b235ef2bc650e48f"},
]
zipp = [
    {file = "zipp-3.1.0-py3-none-any.whl", hash = "sha256:aa36550ff0c0b7ef7fa639055d797116ee891440eac1a56f378e2d3179e0320b"},
    {file = "zipp-3.1.0.tar.gz", hash = "sha256:c599e4d75c98f6798c509911d08a22e6c021d074469042177c8c86fb92eefd96"},
]
